
Microsoft Visual Studio Solution File, Format Version 12.00
# Visual Studio Version 17
VisualStudioVersion = 17.5.002.0
MinimumVisualStudioVersion = 10.0.40219.1
Project("{9A19103F-16F7-4668-BE54-9A1E7A4F7556}") = "program013-aritmet-posloupnost", "program013-aritmet-posloupnost.csproj", "{215B1BD1-8538-4361-84EB-A0D1701BE06A}"
EndProject
Global
	GlobalSection(SolutionConfigurationPlatforms) = preSolution
		Debug|Any CPU = Debug|Any CPU
		Release|Any CPU = Release|Any CPU
	EndGlobalSection
	GlobalSection(ProjectConfigurationPlatforms) = postSolution
		{215B1BD1-8538-4361-84EB-A0D1701BE06A}.Debug|Any CPU.ActiveCfg = Debug|Any CPU
		{215B1BD1-8538-4361-84EB-A0D1701BE06A}.Debug|Any CPU.Build.0 = Debug|Any CPU
		{215B1BD1-8538-4361-84EB-A0D1701BE06A}.Release|Any CPU.ActiveCfg = Release|Any CPU
		{215B1BD1-8538-4361-84EB-A0D1701BE06A}.Release|Any CPU.Build.0 = Release|Any CPU
	EndGlobalSection
	GlobalSection(SolutionProperties) = preSolution
		HideSolutionNode = FALSE
	EndGlobalSection
	GlobalSection(ExtensibilityGlobals) = postSolution
		SolutionGuid = {115D9D28-BBBC-4645-B7BA-A7339AE2A173}
	EndGlobalSection
EndGlobal
