
Microsoft Visual Studio Solution File, Format Version 12.00
# Visual Studio Version 17
VisualStudioVersion = 17.5.002.0
MinimumVisualStudioVersion = 10.0.40219.1
Project("{9A19103F-16F7-4668-BE54-9A1E7A4F7556}") = "program003b-pravouhly-trojuhelnik", "program003b-pravouhly-trojuhelnik.csproj", "{FE1DC914-1583-44C8-B4EC-8DF7FA5143A2}"
EndProject
Global
	GlobalSection(SolutionConfigurationPlatforms) = preSolution
		Debug|Any CPU = Debug|Any CPU
		Release|Any CPU = Release|Any CPU
	EndGlobalSection
	GlobalSection(ProjectConfigurationPlatforms) = postSolution
		{FE1DC914-1583-44C8-B4EC-8DF7FA5143A2}.Debug|Any CPU.ActiveCfg = Debug|Any CPU
		{FE1DC914-1583-44C8-B4EC-8DF7FA5143A2}.Debug|Any CPU.Build.0 = Debug|Any CPU
		{FE1DC914-1583-44C8-B4EC-8DF7FA5143A2}.Release|Any CPU.ActiveCfg = Release|Any CPU
		{FE1DC914-1583-44C8-B4EC-8DF7FA5143A2}.Release|Any CPU.Build.0 = Release|Any CPU
	EndGlobalSection
	GlobalSection(SolutionProperties) = preSolution
		HideSolutionNode = FALSE
	EndGlobalSection
	GlobalSection(ExtensibilityGlobals) = postSolution
		SolutionGuid = {A283F5AD-D150-4464-A7CC-833A727981DA}
	EndGlobalSection
EndGlobal
