
Microsoft Visual Studio Solution File, Format Version 12.00
# Visual Studio Version 17
VisualStudioVersion = 17.5.002.0
MinimumVisualStudioVersion = 10.0.40219.1
Project("{9A19103F-16F7-4668-BE54-9A1E7A4F7556}") = "program003e-zed", "program003e-zed.csproj", "{4DA517E7-A23B-4D61-8186-DB07EB9D48CF}"
EndProject
Global
	GlobalSection(SolutionConfigurationPlatforms) = preSolution
		Debug|Any CPU = Debug|Any CPU
		Release|Any CPU = Release|Any CPU
	EndGlobalSection
	GlobalSection(ProjectConfigurationPlatforms) = postSolution
		{4DA517E7-A23B-4D61-8186-DB07EB9D48CF}.Debug|Any CPU.ActiveCfg = Debug|Any CPU
		{4DA517E7-A23B-4D61-8186-DB07EB9D48CF}.Debug|Any CPU.Build.0 = Debug|Any CPU
		{4DA517E7-A23B-4D61-8186-DB07EB9D48CF}.Release|Any CPU.ActiveCfg = Release|Any CPU
		{4DA517E7-A23B-4D61-8186-DB07EB9D48CF}.Release|Any CPU.Build.0 = Release|Any CPU
	EndGlobalSection
	GlobalSection(SolutionProperties) = preSolution
		HideSolutionNode = FALSE
	EndGlobalSection
	GlobalSection(ExtensibilityGlobals) = postSolution
		SolutionGuid = {5E283BC3-31C4-4217-BEDB-40981BFA26F2}
	EndGlobalSection
EndGlobal
