
Microsoft Visual Studio Solution File, Format Version 12.00
# Visual Studio Version 17
VisualStudioVersion = 17.5.002.0
MinimumVisualStudioVersion = 10.0.40219.1
Project("{9A19103F-16F7-4668-BE54-9A1E7A4F7556}") = "program011a-vypocet-pi", "program011a-vypocet-pi.csproj", "{04F4944D-53D5-4E71-9D3F-986D49C73F01}"
EndProject
Global
	GlobalSection(SolutionConfigurationPlatforms) = preSolution
		Debug|Any CPU = Debug|Any CPU
		Release|Any CPU = Release|Any CPU
	EndGlobalSection
	GlobalSection(ProjectConfigurationPlatforms) = postSolution
		{04F4944D-53D5-4E71-9D3F-986D49C73F01}.Debug|Any CPU.ActiveCfg = Debug|Any CPU
		{04F4944D-53D5-4E71-9D3F-986D49C73F01}.Debug|Any CPU.Build.0 = Debug|Any CPU
		{04F4944D-53D5-4E71-9D3F-986D49C73F01}.Release|Any CPU.ActiveCfg = Release|Any CPU
		{04F4944D-53D5-4E71-9D3F-986D49C73F01}.Release|Any CPU.Build.0 = Release|Any CPU
	EndGlobalSection
	GlobalSection(SolutionProperties) = preSolution
		HideSolutionNode = FALSE
	EndGlobalSection
	GlobalSection(ExtensibilityGlobals) = postSolution
		SolutionGuid = {51BEEA91-F380-4F6A-9B7E-53EEA6B97EAC}
	EndGlobalSection
EndGlobal
