
Microsoft Visual Studio Solution File, Format Version 12.00
# Visual Studio Version 17
VisualStudioVersion = 17.5.002.0
MinimumVisualStudioVersion = 10.0.40219.1
Project("{9A19103F-16F7-4668-BE54-9A1E7A4F7556}") = "program008c-comb-sort", "program008c-comb-sort.csproj", "{D7D60B38-290F-49F1-8725-6A064A6109D8}"
EndProject
Global
	GlobalSection(SolutionConfigurationPlatforms) = preSolution
		Debug|Any CPU = Debug|Any CPU
		Release|Any CPU = Release|Any CPU
	EndGlobalSection
	GlobalSection(ProjectConfigurationPlatforms) = postSolution
		{D7D60B38-290F-49F1-8725-6A064A6109D8}.Debug|Any CPU.ActiveCfg = Debug|Any CPU
		{D7D60B38-290F-49F1-8725-6A064A6109D8}.Debug|Any CPU.Build.0 = Debug|Any CPU
		{D7D60B38-290F-49F1-8725-6A064A6109D8}.Release|Any CPU.ActiveCfg = Release|Any CPU
		{D7D60B38-290F-49F1-8725-6A064A6109D8}.Release|Any CPU.Build.0 = Release|Any CPU
	EndGlobalSection
	GlobalSection(SolutionProperties) = preSolution
		HideSolutionNode = FALSE
	EndGlobalSection
	GlobalSection(ExtensibilityGlobals) = postSolution
		SolutionGuid = {81B89FB8-816D-4D93-AF5B-A332B09D3C4A}
	EndGlobalSection
EndGlobal
